# THIS IS AN AUTOGENERATED FILE. DO NOT EDIT THIS FILE DIRECTLY.
# yarn lockfile v1


babel-runtime@6.6.1:
  version "6.6.1"
  resolved "https://registry.yarnpkg.com/babel-runtime/-/babel-runtime-6.6.1.tgz#788b94b6f634e25b91bd6c5df72d467457afb000"
  dependencies:
    core-js "^2.1.0"

backoff@~2.5.0:
  version "2.5.0"
  resolved "https://registry.yarnpkg.com/backoff/-/backoff-2.5.0.tgz#f616eda9d3e4b66b8ca7fca79f695722c5f8e26f"
  dependencies:
    precond "0.2"

bluebird@^3.5.0:
  version "3.5.0"
  resolved "https://registry.yarnpkg.com/bluebird/-/bluebird-3.5.0.tgz#791420d7f551eea2897453a8a77653f96606d67c"

codependency@0.1.4:
  version "0.1.4"
  resolved "https://registry.yarnpkg.com/codependency/-/codependency-0.1.4.tgz#d1763ab7264bd70c91d9626e98862d3792bf8d4a"
  dependencies:
    semver "5.0.1"

core-js@^2.1.0:
  version "2.5.1"
  resolved "https://registry.yarnpkg.com/core-js/-/core-js-2.5.1.tgz#ae6874dc66937789b80754ff5428df66819ca50b"

dateformat@^3.0.2:
  version "3.0.2"
  resolved "https://registry.yarnpkg.com/dateformat/-/dateformat-3.0.2.tgz#9a4df4bff158ac2f34bc637abdb15471607e1659"

json-stringify-safe@5.0.1:
  version "5.0.1"
  resolved "https://registry.yarnpkg.com/json-stringify-safe/-/json-stringify-safe-5.0.1.tgz#1296a2d58fd45f19a0f6ce01d65701e2c735b6eb"

le_node@^1.7.1:
  version "1.7.1"
  resolved "https://registry.yarnpkg.com/le_node/-/le_node-1.7.1.tgz#8316409dada82b9f29657ca4060663f8f11551d1"
  dependencies:
    babel-runtime "6.6.1"
    codependency "0.1.4"
    json-stringify-safe "5.0.1"
    lodash "3.9.3"
    reconnect-core "1.3.0"
    semver "5.1.0"

lodash@3.9.3:
  version "3.9.3"
  resolved "https://registry.yarnpkg.com/lodash/-/lodash-3.9.3.tgz#0159e86832feffc6d61d852b12a953b99496bd32"

node-cmd@^3.0.0:
  version "3.0.0"
  resolved "https://registry.yarnpkg.com/node-cmd/-/node-cmd-3.0.0.tgz#38fff70a4aaa4f659d203eb57862737018e24f6f"

node-cron@^1.2.1:
  version "1.2.1"
  resolved "https://registry.yarnpkg.com/node-cron/-/node-cron-1.2.1.tgz#8c90bc5dc723a56289b0786655ab4a1c4cb60368"

precond@0.2:
  version "0.2.3"
  resolved "https://registry.yarnpkg.com/precond/-/precond-0.2.3.tgz#aa9591bcaa24923f1e0f4849d240f47efc1075ac"

reconnect-core@1.3.0:
  version "1.3.0"
  resolved "https://registry.yarnpkg.com/reconnect-core/-/reconnect-core-1.3.0.tgz#fbae52919a7877d844e3246d01a2f26701c833c8"
  dependencies:
    backoff "~2.5.0"

semver@5.0.1:
  version "5.0.1"
  resolved "https://registry.yarnpkg.com/semver/-/semver-5.0.1.tgz#9fb3f4004f900d83c47968fe42f7583e05832cc9"

semver@5.1.0:
  version "5.1.0"
  resolved "https://registry.yarnpkg.com/semver/-/semver-5.1.0.tgz#85f2cf8550465c4df000cf7d86f6b054106ab9e5"
